// !$*UTF8*$!
{
	archiveVersion = 1;
	classes = {
	};
	objectVersion = 50;
	objects = {

/* Begin PBXBuildFile section */
		2C2526D820F7477000DB6A47 /* UIBarButtonItem+Item.m in Sources */ = {isa = PBXBuildFile; fileRef = 2C2526D720F7477000DB6A47 /* UIBarButtonItem+Item.m */; };
		2C381510210AC87F0005017D /* NavigationViewController.m in Sources */ = {isa = PBXBuildFile; fileRef = 2C38150F210AC87F0005017D /* NavigationViewController.m */; };
		2C381515210AE7E00005017D /* SettingViewController.m in Sources */ = {isa = PBXBuildFile; fileRef = 2C381514210AE7E00005017D /* SettingViewController.m */; };
		2C381518210AEB730005017D /* UIView+Frame.m in Sources */ = {isa = PBXBuildFile; fileRef = 2C381517210AEB730005017D /* UIView+Frame.m */; };
		2C38151B210AF1650005017D /* NavigationBar.m in Sources */ = {isa = PBXBuildFile; fileRef = 2C38151A210AF1650005017D /* NavigationBar.m */; };
		2C38151E210AF2B30005017D /* BackView.m in Sources */ = {isa = PBXBuildFile; fileRef = 2C38151D210AF2B30005017D /* BackView.m */; };
		2CBAB2C320F5AFC1000AF192 /* AppDelegate.m in Sources */ = {isa = PBXBuildFile; fileRef = 2CBAB2C220F5AFC1000AF192 /* AppDelegate.m */; };
		2CBAB2CB20F5AFC3000AF192 /* Assets.xcassets in Resources */ = {isa = PBXBuildFile; fileRef = 2CBAB2CA20F5AFC3000AF192 /* Assets.xcassets */; };
		2CBAB2CE20F5AFC3000AF192 /* LaunchScreen.storyboard in Resources */ = {isa = PBXBuildFile; fileRef = 2CBAB2CC20F5AFC3000AF192 /* LaunchScreen.storyboard */; };
		2CBAB2D120F5AFC3000AF192 /* main.m in Sources */ = {isa = PBXBuildFile; fileRef = 2CBAB2D020F5AFC3000AF192 /* main.m */; };
		2CBAB2DE20F5B698000AF192 /* EssenceViewController.m in Sources */ = {isa = PBXBuildFile; fileRef = 2CBAB2DD20F5B698000AF192 /* EssenceViewController.m */; };
		2CBAB2E920F5B76A000AF192 /* NewViewController.m in Sources */ = {isa = PBXBuildFile; fileRef = 2CBAB2E820F5B76A000AF192 /* NewViewController.m */; };
		2CBAB2EC20F5B779000AF192 /* FriendTrendViewController.m in Sources */ = {isa = PBXBuildFile; fileRef = 2CBAB2EB20F5B779000AF192 /* FriendTrendViewController.m */; };
		2CBAB2EF20F5B782000AF192 /* MeViewController.m in Sources */ = {isa = PBXBuildFile; fileRef = 2CBAB2EE20F5B782000AF192 /* MeViewController.m */; };
		2CBAB2F320F5B8AF000AF192 /* TabBarController.m in Sources */ = {isa = PBXBuildFile; fileRef = 2CBAB2F220F5B8AF000AF192 /* TabBarController.m */; };
		2CBAB2F720F5BA4C000AF192 /* PublishViewController.m in Sources */ = {isa = PBXBuildFile; fileRef = 2CBAB2F620F5BA4C000AF192 /* PublishViewController.m */; };
		2CBAB2FF20F5F0C8000AF192 /* UIImage+Render.m in Sources */ = {isa = PBXBuildFile; fileRef = 2CBAB2FE20F5F0C8000AF192 /* UIImage+Render.m */; };
/* End PBXBuildFile section */

/* Begin PBXFileReference section */
		2C2526D620F7477000DB6A47 /* UIBarButtonItem+Item.h */ = {isa = PBXFileReference; lastKnownFileType = sourcecode.c.h; path = "UIBarButtonItem+Item.h"; sourceTree = "<group>"; };
		2C2526D720F7477000DB6A47 /* UIBarButtonItem+Item.m */ = {isa = PBXFileReference; lastKnownFileType = sourcecode.c.objc; path = "UIBarButtonItem+Item.m"; sourceTree = "<group>"; };
		2C38150D210AC05C0005017D /* BSBDJ.pch */ = {isa = PBXFileReference; lastKnownFileType = sourcecode.c.h; path = BSBDJ.pch; sourceTree = "<group>"; };
		2C38150E210AC87F0005017D /* NavigationViewController.h */ = {isa = PBXFileReference; lastKnownFileType = sourcecode.c.h; path = NavigationViewController.h; sourceTree = "<group>"; };
		2C38150F210AC87F0005017D /* NavigationViewController.m */ = {isa = PBXFileReference; lastKnownFileType = sourcecode.c.objc; path = NavigationViewController.m; sourceTree = "<group>"; };
		2C381513210AE7E00005017D /* SettingViewController.h */ = {isa = PBXFileReference; lastKnownFileType = sourcecode.c.h; path = SettingViewController.h; sourceTree = "<group>"; };
		2C381514210AE7E00005017D /* SettingViewController.m */ = {isa = PBXFileReference; lastKnownFileType = sourcecode.c.objc; path = SettingViewController.m; sourceTree = "<group>"; };
		2C381516210AEB730005017D /* UIView+Frame.h */ = {isa = PBXFileReference; lastKnownFileType = sourcecode.c.h; path = "UIView+Frame.h"; sourceTree = "<group>"; };
		2C381517210AEB730005017D /* UIView+Frame.m */ = {isa = PBXFileReference; lastKnownFileType = sourcecode.c.objc; path = "UIView+Frame.m"; sourceTree = "<group>"; };
		2C381519210AF1650005017D /* NavigationBar.h */ = {isa = PBXFileReference; lastKnownFileType = sourcecode.c.h; path = NavigationBar.h; sourceTree = "<group>"; };
		2C38151A210AF1650005017D /* NavigationBar.m */ = {isa = PBXFileReference; lastKnownFileType = sourcecode.c.objc; path = NavigationBar.m; sourceTree = "<group>"; };
		2C38151C210AF2B30005017D /* BackView.h */ = {isa = PBXFileReference; lastKnownFileType = sourcecode.c.h; path = BackView.h; sourceTree = "<group>"; };
		2C38151D210AF2B30005017D /* BackView.m */ = {isa = PBXFileReference; lastKnownFileType = sourcecode.c.objc; path = BackView.m; sourceTree = "<group>"; };
		2CBAB2BE20F5AFC1000AF192 /* BSBDJ.app */ = {isa = PBXFileReference; explicitFileType = wrapper.application; includeInIndex = 0; path = BSBDJ.app; sourceTree = BUILT_PRODUCTS_DIR; };
		2CBAB2C120F5AFC1000AF192 /* AppDelegate.h */ = {isa = PBXFileReference; lastKnownFileType = sourcecode.c.h; path = AppDelegate.h; sourceTree = "<group>"; };
		2CBAB2C220F5AFC1000AF192 /* AppDelegate.m */ = {isa = PBXFileReference; lastKnownFileType = sourcecode.c.objc; path = AppDelegate.m; sourceTree = "<group>"; };
		2CBAB2CA20F5AFC3000AF192 /* Assets.xcassets */ = {isa = PBXFileReference; lastKnownFileType = folder.assetcatalog; path = Assets.xcassets; sourceTree = "<group>"; };
		2CBAB2CD20F5AFC3000AF192 /* Base */ = {isa = PBXFileReference; lastKnownFileType = file.storyboard; name = Base; path = Base.lproj/LaunchScreen.storyboard; sourceTree = "<group>"; };
		2CBAB2CF20F5AFC3000AF192 /* Info.plist */ = {isa = PBXFileReference; lastKnownFileType = text.plist.xml; path = Info.plist; sourceTree = "<group>"; };
		2CBAB2D020F5AFC3000AF192 /* main.m */ = {isa = PBXFileReference; lastKnownFileType = sourcecode.c.objc; path = main.m; sourceTree = "<group>"; };
		2CBAB2DC20F5B698000AF192 /* EssenceViewController.h */ = {isa = PBXFileReference; lastKnownFileType = sourcecode.c.h; path = EssenceViewController.h; sourceTree = "<group>"; };
		2CBAB2DD20F5B698000AF192 /* EssenceViewController.m */ = {isa = PBXFileReference; lastKnownFileType = sourcecode.c.objc; path = EssenceViewController.m; sourceTree = "<group>"; };
		2CBAB2E720F5B76A000AF192 /* NewViewController.h */ = {isa = PBXFileReference; lastKnownFileType = sourcecode.c.h; path = NewViewController.h; sourceTree = "<group>"; };
		2CBAB2E820F5B76A000AF192 /* NewViewController.m */ = {isa = PBXFileReference; lastKnownFileType = sourcecode.c.objc; path = NewViewController.m; sourceTree = "<group>"; };
		2CBAB2EA20F5B779000AF192 /* FriendTrendViewController.h */ = {isa = PBXFileReference; lastKnownFileType = sourcecode.c.h; path = FriendTrendViewController.h; sourceTree = "<group>"; };
		2CBAB2EB20F5B779000AF192 /* FriendTrendViewController.m */ = {isa = PBXFileReference; lastKnownFileType = sourcecode.c.objc; path = FriendTrendViewController.m; sourceTree = "<group>"; };
		2CBAB2ED20F5B782000AF192 /* MeViewController.h */ = {isa = PBXFileReference; lastKnownFileType = sourcecode.c.h; path = MeViewController.h; sourceTree = "<group>"; };
		2CBAB2EE20F5B782000AF192 /* MeViewController.m */ = {isa = PBXFileReference; lastKnownFileType = sourcecode.c.objc; path = MeViewController.m; sourceTree = "<group>"; };
		2CBAB2F120F5B8AF000AF192 /* TabBarController.h */ = {isa = PBXFileReference; lastKnownFileType = sourcecode.c.h; path = TabBarController.h; sourceTree = "<group>"; };
		2CBAB2F220F5B8AF000AF192 /* TabBarController.m */ = {isa = PBXFileReference; lastKnownFileType = sourcecode.c.objc; path = TabBarController.m; sourceTree = "<group>"; };
		2CBAB2F520F5BA4C000AF192 /* PublishViewController.h */ = {isa = PBXFileReference; lastKnownFileType = sourcecode.c.h; path = PublishViewController.h; sourceTree = "<group>"; };
		2CBAB2F620F5BA4C000AF192 /* PublishViewController.m */ = {isa = PBXFileReference; lastKnownFileType = sourcecode.c.objc; path = PublishViewController.m; sourceTree = "<group>"; };
		2CBAB2FD20F5F0C8000AF192 /* UIImage+Render.h */ = {isa = PBXFileReference; lastKnownFileType = sourcecode.c.h; path = "UIImage+Render.h"; sourceTree = "<group>"; };
		2CBAB2FE20F5F0C8000AF192 /* UIImage+Render.m */ = {isa = PBXFileReference; lastKnownFileType = sourcecode.c.objc; path = "UIImage+Render.m"; sourceTree = "<group>"; };
/* End PBXFileReference section */

/* Begin PBXFrameworksBuildPhase section */
		2CBAB2BB20F5AFC1000AF192 /* Frameworks */ = {
			isa = PBXFrameworksBuildPhase;
			buildActionMask = 2147483647;
			files = (
			);
			runOnlyForDeploymentPostprocessing = 0;
		};
/* End PBXFrameworksBuildPhase section */

/* Begin PBXGroup section */
		2C381511210AE79A0005017D /* Setting */ = {
			isa = PBXGroup;
			children = (
				2C381512210AE7BC0005017D /* Controller */,
			);
			path = Setting;
			sourceTree = "<group>";
		};
		2C381512210AE7BC0005017D /* Controller */ = {
			isa = PBXGroup;
			children = (
				2C381513210AE7E00005017D /* SettingViewController.h */,
				2C381514210AE7E00005017D /* SettingViewController.m */,
			);
			path = Controller;
			sourceTree = "<group>";
		};
		2CBAB2B520F5AFC1000AF192 = {
			isa = PBXGroup;
			children = (
				2CBAB2C020F5AFC1000AF192 /* BSBDJ */,
				2CBAB2BF20F5AFC1000AF192 /* Products */,
			);
			sourceTree = "<group>";
		};
		2CBAB2BF20F5AFC1000AF192 /* Products */ = {
			isa = PBXGroup;
			children = (
				2CBAB2BE20F5AFC1000AF192 /* BSBDJ.app */,
			);
			name = Products;
			sourceTree = "<group>";
		};
		2CBAB2C020F5AFC1000AF192 /* BSBDJ */ = {
			isa = PBXGroup;
			children = (
				2C381511210AE79A0005017D /* Setting */,
				2CBAB2DA20F5B627000AF192 /* Essence */,
				2CBAB2E320F5B70A000AF192 /* New */,
				2CBAB2F020F5B7DD000AF192 /* Publish */,
				2CBAB2E120F5B6F5000AF192 /* FriendTrend */,
				2CBAB2E220F5B700000AF192 /* Me */,
				2CBAB2D920F5B5CF000AF192 /* Main */,
				2CBAB2D720F5B551000AF192 /* AppDelegate */,
				2CBAB2F820F5EF81000AF192 /* Tools */,
				2CBAB2D820F5B58B000AF192 /* Others */,
			);
			path = BSBDJ;
			sourceTree = "<group>";
		};
		2CBAB2D720F5B551000AF192 /* AppDelegate */ = {
			isa = PBXGroup;
			children = (
				2CBAB2C120F5AFC1000AF192 /* AppDelegate.h */,
				2CBAB2C220F5AFC1000AF192 /* AppDelegate.m */,
			);
			path = AppDelegate;
			sourceTree = "<group>";
		};
		2CBAB2D820F5B58B000AF192 /* Others */ = {
			isa = PBXGroup;
			children = (
				2CBAB2CA20F5AFC3000AF192 /* Assets.xcassets */,
				2CBAB2CC20F5AFC3000AF192 /* LaunchScreen.storyboard */,
				2CBAB2CF20F5AFC3000AF192 /* Info.plist */,
				2CBAB2D020F5AFC3000AF192 /* main.m */,
				2C38150D210AC05C0005017D /* BSBDJ.pch */,
			);
			path = Others;
			sourceTree = "<group>";
		};
		2CBAB2D920F5B5CF000AF192 /* Main */ = {
			isa = PBXGroup;
			children = (
				2CBAB2F120F5B8AF000AF192 /* TabBarController.h */,
				2CBAB2F220F5B8AF000AF192 /* TabBarController.m */,
				2C38150E210AC87F0005017D /* NavigationViewController.h */,
				2C38150F210AC87F0005017D /* NavigationViewController.m */,
				2C381519210AF1650005017D /* NavigationBar.h */,
				2C38151A210AF1650005017D /* NavigationBar.m */,
				2C38151C210AF2B30005017D /* BackView.h */,
				2C38151D210AF2B30005017D /* BackView.m */,
			);
			path = Main;
			sourceTree = "<group>";
		};
		2CBAB2DA20F5B627000AF192 /* Essence */ = {
			isa = PBXGroup;
			children = (
				2CBAB2DB20F5B669000AF192 /* Controllers */,
			);
			path = Essence;
			sourceTree = "<group>";
		};
		2CBAB2DB20F5B669000AF192 /* Controllers */ = {
			isa = PBXGroup;
			children = (
				2CBAB2DC20F5B698000AF192 /* EssenceViewController.h */,
				2CBAB2DD20F5B698000AF192 /* EssenceViewController.m */,
			);
			path = Controllers;
			sourceTree = "<group>";
		};
		2CBAB2E120F5B6F5000AF192 /* FriendTrend */ = {
			isa = PBXGroup;
			children = (
				2CBAB2E520F5B74C000AF192 /* Controllers */,
			);
			path = FriendTrend;
			sourceTree = "<group>";
		};
		2CBAB2E220F5B700000AF192 /* Me */ = {
			isa = PBXGroup;
			children = (
				2CBAB2E620F5B756000AF192 /* Controllers */,
			);
			path = Me;
			sourceTree = "<group>";
		};
		2CBAB2E320F5B70A000AF192 /* New */ = {
			isa = PBXGroup;
			children = (
				2CBAB2E420F5B73F000AF192 /* Controllers */,
			);
			path = New;
			sourceTree = "<group>";
		};
		2CBAB2E420F5B73F000AF192 /* Controllers */ = {
			isa = PBXGroup;
			children = (
				2CBAB2E720F5B76A000AF192 /* NewViewController.h */,
				2CBAB2E820F5B76A000AF192 /* NewViewController.m */,
			);
			path = Controllers;
			sourceTree = "<group>";
		};
		2CBAB2E520F5B74C000AF192 /* Controllers */ = {
			isa = PBXGroup;
			children = (
				2CBAB2EA20F5B779000AF192 /* FriendTrendViewController.h */,
				2CBAB2EB20F5B779000AF192 /* FriendTrendViewController.m */,
			);
			path = Controllers;
			sourceTree = "<group>";
		};
		2CBAB2E620F5B756000AF192 /* Controllers */ = {
			isa = PBXGroup;
			children = (
				2CBAB2ED20F5B782000AF192 /* MeViewController.h */,
				2CBAB2EE20F5B782000AF192 /* MeViewController.m */,
			);
			path = Controllers;
			sourceTree = "<group>";
		};
		2CBAB2F020F5B7DD000AF192 /* Publish */ = {
			isa = PBXGroup;
			children = (
				2CBAB2F420F5BA19000AF192 /* Controllers */,
			);
			path = Publish;
			sourceTree = "<group>";
		};
		2CBAB2F420F5BA19000AF192 /* Controllers */ = {
			isa = PBXGroup;
			children = (
				2CBAB2F520F5BA4C000AF192 /* PublishViewController.h */,
				2CBAB2F620F5BA4C000AF192 /* PublishViewController.m */,
			);
			path = Controllers;
			sourceTree = "<group>";
		};
		2CBAB2F820F5EF81000AF192 /* Tools */ = {
			isa = PBXGroup;
			children = (
				2CBAB2F920F5EF91000AF192 /* Category */,
			);
			path = Tools;
			sourceTree = "<group>";
		};
		2CBAB2F920F5EF91000AF192 /* Category */ = {
			isa = PBXGroup;
			children = (
				2CBAB2FD20F5F0C8000AF192 /* UIImage+Render.h */,
				2CBAB2FE20F5F0C8000AF192 /* UIImage+Render.m */,
				2C2526D620F7477000DB6A47 /* UIBarButtonItem+Item.h */,
				2C2526D720F7477000DB6A47 /* UIBarButtonItem+Item.m */,
				2C381516210AEB730005017D /* UIView+Frame.h */,
				2C381517210AEB730005017D /* UIView+Frame.m */,
			);
			path = Category;
			sourceTree = "<group>";
		};
/* End PBXGroup section */

/* Begin PBXNativeTarget section */
		2CBAB2BD20F5AFC1000AF192 /* BSBDJ */ = {
			isa = PBXNativeTarget;
			buildConfigurationList = 2CBAB2D420F5AFC3000AF192 /* Build configuration list for PBXNativeTarget "BSBDJ" */;
			buildPhases = (
				2CBAB2BA20F5AFC1000AF192 /* Sources */,
				2CBAB2BB20F5AFC1000AF192 /* Frameworks */,
				2CBAB2BC20F5AFC1000AF192 /* Resources */,
			);
			buildRules = (
			);
			dependencies = (
			);
			name = BSBDJ;
			productName = BSBDJ;
			productReference = 2CBAB2BE20F5AFC1000AF192 /* BSBDJ.app */;
			productType = "com.apple.product-type.application";
		};
/* End PBXNativeTarget section */

/* Begin PBXProject section */
		2CBAB2B620F5AFC1000AF192 /* Project object */ = {
			isa = PBXProject;
			attributes = {
				LastUpgradeCheck = 0940;
				ORGANIZATIONNAME = Tencent;
				TargetAttributes = {
					2CBAB2BD20F5AFC1000AF192 = {
						CreatedOnToolsVersion = 9.4.1;
					};
				};
			};
			buildConfigurationList = 2CBAB2B920F5AFC1000AF192 /* Build configuration list for PBXProject "BSBDJ" */;
			compatibilityVersion = "Xcode 9.3";
			developmentRegion = en;
			hasScannedForEncodings = 0;
			knownRegions = (
				en,
				Base,
			);
			mainGroup = 2CBAB2B520F5AFC1000AF192;
			productRefGroup = 2CBAB2BF20F5AFC1000AF192 /* Products */;
			projectDirPath = "";
			projectRoot = "";
			targets = (
				2CBAB2BD20F5AFC1000AF192 /* BSBDJ */,
			);
		};
/* End PBXProject section */

/* Begin PBXResourcesBuildPhase section */
		2CBAB2BC20F5AFC1000AF192 /* Resources */ = {
			isa = PBXResourcesBuildPhase;
			buildActionMask = 2147483647;
			files = (
				2CBAB2CE20F5AFC3000AF192 /* LaunchScreen.storyboard in Resources */,
				2CBAB2CB20F5AFC3000AF192 /* Assets.xcassets in Resources */,
			);
			runOnlyForDeploymentPostprocessing = 0;
		};
/* End PBXResourcesBuildPhase section */

/* Begin PBXSourcesBuildPhase section */
		2CBAB2BA20F5AFC1000AF192 /* Sources */ = {
			isa = PBXSourcesBuildPhase;
			buildActionMask = 2147483647;
			files = (
				2CBAB2F720F5BA4C000AF192 /* PublishViewController.m in Sources */,
				2C38151B210AF1650005017D /* NavigationBar.m in Sources */,
				2C2526D820F7477000DB6A47 /* UIBarButtonItem+Item.m in Sources */,
				2C38151E210AF2B30005017D /* BackView.m in Sources */,
				2CBAB2FF20F5F0C8000AF192 /* UIImage+Render.m in Sources */,
				2CBAB2F320F5B8AF000AF192 /* TabBarController.m in Sources */,
				2CBAB2EF20F5B782000AF192 /* MeViewController.m in Sources */,
				2C381518210AEB730005017D /* UIView+Frame.m in Sources */,
				2CBAB2DE20F5B698000AF192 /* EssenceViewController.m in Sources */,
				2CBAB2D120F5AFC3000AF192 /* main.m in Sources */,
				2CBAB2C320F5AFC1000AF192 /* AppDelegate.m in Sources */,
				2CBAB2E920F5B76A000AF192 /* NewViewController.m in Sources */,
				2CBAB2EC20F5B779000AF192 /* FriendTrendViewController.m in Sources */,
				2C381510210AC87F0005017D /* NavigationViewController.m in Sources */,
				2C381515210AE7E00005017D /* SettingViewController.m in Sources */,
			);
			runOnlyForDeploymentPostprocessing = 0;
		};
/* End PBXSourcesBuildPhase section */

/* Begin PBXVariantGroup section */
		2CBAB2CC20F5AFC3000AF192 /* LaunchScreen.storyboard */ = {
			isa = PBXVariantGroup;
			children = (
				2CBAB2CD20F5AFC3000AF192 /* Base */,
			);
			name = LaunchScreen.storyboard;
			sourceTree = "<group>";
		};
/* End PBXVariantGroup section */

/* Begin XCBuildConfiguration section */
		2CBAB2D220F5AFC3000AF192 /* Debug */ = {
			isa = XCBuildConfiguration;
			buildSettings = {
				ALWAYS_SEARCH_USER_PATHS = NO;
				CLANG_ANALYZER_NONNULL = YES;
				CLANG_ANALYZER_NUMBER_OBJECT_CONVERSION = YES_AGGRESSIVE;
				CLANG_CXX_LANGUAGE_STANDARD = "gnu++14";
				CLANG_CXX_LIBRARY = "libc++";
				CLANG_ENABLE_MODULES = YES;
				CLANG_ENABLE_OBJC_ARC = YES;
				CLANG_ENABLE_OBJC_WEAK = YES;
				CLANG_WARN_BLOCK_CAPTURE_AUTORELEASING = YES;
				CLANG_WARN_BOOL_CONVERSION = YES;
				CLANG_WARN_COMMA = YES;
				CLANG_WARN_CONSTANT_CONVERSION = YES;
				CLANG_WARN_DEPRECATED_OBJC_IMPLEMENTATIONS = YES;
				CLANG_WARN_DIRECT_OBJC_ISA_USAGE = YES_ERROR;
				CLANG_WARN_DOCUMENTATION_COMMENTS = YES;
				CLANG_WARN_EMPTY_BODY = YES;
				CLANG_WARN_ENUM_CONVERSION = YES;
				CLANG_WARN_INFINITE_RECURSION = YES;
				CLANG_WARN_INT_CONVERSION = YES;
				CLANG_WARN_NON_LITERAL_NULL_CONVERSION = YES;
				CLANG_WARN_OBJC_IMPLICIT_RETAIN_SELF = YES;
				CLANG_WARN_OBJC_LITERAL_CONVERSION = YES;
				CLANG_WARN_OBJC_ROOT_CLASS = YES_ERROR;
				CLANG_WARN_RANGE_LOOP_ANALYSIS = YES;
				CLANG_WARN_STRICT_PROTOTYPES = YES;
				CLANG_WARN_SUSPICIOUS_MOVE = YES;
				CLANG_WARN_UNGUARDED_AVAILABILITY = YES_AGGRESSIVE;
				CLANG_WARN_UNREACHABLE_CODE = YES;
				CLANG_WARN__DUPLICATE_METHOD_MATCH = YES;
				CODE_SIGN_IDENTITY = "iPhone Developer";
				COPY_PHASE_STRIP = NO;
				DEBUG_INFORMATION_FORMAT = dwarf;
				ENABLE_STRICT_OBJC_MSGSEND = YES;
				ENABLE_TESTABILITY = YES;
				GCC_C_LANGUAGE_STANDARD = gnu11;
				GCC_DYNAMIC_NO_PIC = NO;
				GCC_NO_COMMON_BLOCKS = YES;
				GCC_OPTIMIZATION_LEVEL = 0;
				GCC_PREPROCESSOR_DEFINITIONS = (
					"DEBUG=1",
					"$(inherited)",
				);
				GCC_WARN_64_TO_32_BIT_CONVERSION = YES;
				GCC_WARN_ABOUT_RETURN_TYPE = YES_ERROR;
				GCC_WARN_UNDECLARED_SELECTOR = YES;
				GCC_WARN_UNINITIALIZED_AUTOS = YES_AGGRESSIVE;
				GCC_WARN_UNUSED_FUNCTION = YES;
				GCC_WARN_UNUSED_VARIABLE = YES;
				IPHONEOS_DEPLOYMENT_TARGET = 11.4;
				MTL_ENABLE_DEBUG_INFO = YES;
				ONLY_ACTIVE_ARCH = YES;
				SDKROOT = iphoneos;
			};
			name = Debug;
		};
		2CBAB2D320F5AFC3000AF192 /* Release */ = {
			isa = XCBuildConfiguration;
			buildSettings = {
				ALWAYS_SEARCH_USER_PATHS = NO;
				CLANG_ANALYZER_NONNULL = YES;
				CLANG_ANALYZER_NUMBER_OBJECT_CONVERSION = YES_AGGRESSIVE;
				CLANG_CXX_LANGUAGE_STANDARD = "gnu++14";
				CLANG_CXX_LIBRARY = "libc++";
				CLANG_ENABLE_MODULES = YES;
				CLANG_ENABLE_OBJC_ARC = YES;
				CLANG_ENABLE_OBJC_WEAK = YES;
				CLANG_WARN_BLOCK_CAPTURE_AUTORELEASING = YES;
				CLANG_WARN_BOOL_CONVERSION = YES;
				CLANG_WARN_COMMA = YES;
				CLANG_WARN_CONSTANT_CONVERSION = YES;
				CLANG_WARN_DEPRECATED_OBJC_IMPLEMENTATIONS = YES;
				CLANG_WARN_DIRECT_OBJC_ISA_USAGE = YES_ERROR;
				CLANG_WARN_DOCUMENTATION_COMMENTS = YES;
				CLANG_WARN_EMPTY_BODY = YES;
				CLANG_WARN_ENUM_CONVERSION = YES;
				CLANG_WARN_INFINITE_RECURSION = YES;
				CLANG_WARN_INT_CONVERSION = YES;
				CLANG_WARN_NON_LITERAL_NULL_CONVERSION = YES;
				CLANG_WARN_OBJC_IMPLICIT_RETAIN_SELF = YES;
				CLANG_WARN_OBJC_LITERAL_CONVERSION = YES;
				CLANG_WARN_OBJC_ROOT_CLASS = YES_ERROR;
				CLANG_WARN_RANGE_LOOP_ANALYSIS = YES;
				CLANG_WARN_STRICT_PROTOTYPES = YES;
				CLANG_WARN_SUSPICIOUS_MOVE = YES;
				CLANG_WARN_UNGUARDED_AVAILABILITY = YES_AGGRESSIVE;
				CLANG_WARN_UNREACHABLE_CODE = YES;
				CLANG_WARN__DUPLICATE_METHOD_MATCH = YES;
				CODE_SIGN_IDENTITY = "iPhone Developer";
				COPY_PHASE_STRIP = NO;
				DEBUG_INFORMATION_FORMAT = "dwarf-with-dsym";
				ENABLE_NS_ASSERTIONS = NO;
				ENABLE_STRICT_OBJC_MSGSEND = YES;
				GCC_C_LANGUAGE_STANDARD = gnu11;
				GCC_NO_COMMON_BLOCKS = YES;
				GCC_WARN_64_TO_32_BIT_CONVERSION = YES;
				GCC_WARN_ABOUT_RETURN_TYPE = YES_ERROR;
				GCC_WARN_UNDECLARED_SELECTOR = YES;
				GCC_WARN_UNINITIALIZED_AUTOS = YES_AGGRESSIVE;
				GCC_WARN_UNUSED_FUNCTION = YES;
				GCC_WARN_UNUSED_VARIABLE = YES;
				IPHONEOS_DEPLOYMENT_TARGET = 11.4;
				MTL_ENABLE_DEBUG_INFO = NO;
				SDKROOT = iphoneos;
				VALIDATE_PRODUCT = YES;
			};
			name = Release;
		};
		2CBAB2D520F5AFC3000AF192 /* Debug */ = {
			isa = XCBuildConfiguration;
			buildSettings = {
				ASSETCATALOG_COMPILER_APPICON_NAME = AppIcon;
				ASSETCATALOG_COMPILER_LAUNCHIMAGE_NAME = LaunchImage;
				CODE_SIGN_STYLE = Automatic;
				DEVELOPMENT_TEAM = 57X85VP9WN;
				GCC_PREFIX_HEADER = "$(SRCROOT)/BSBDJ/Others/BSBDJ.pch";
				INFOPLIST_FILE = "$(SRCROOT)/BSBDJ/Others/Info.plist";
				IPHONEOS_DEPLOYMENT_TARGET = 9.0;
				LD_RUNPATH_SEARCH_PATHS = (
					"$(inherited)",
					"@executable_path/Frameworks",
				);
				PRODUCT_BUNDLE_IDENTIFIER = com.tencent.BSBDJ;
				PRODUCT_NAME = "$(TARGET_NAME)";
				TARGETED_DEVICE_FAMILY = 1;
			};
			name = Debug;
		};
		2CBAB2D620F5AFC3000AF192 /* Release */ = {
			isa = XCBuildConfiguration;
			buildSettings = {
				ASSETCATALOG_COMPILER_APPICON_NAME = AppIcon;
				ASSETCATALOG_COMPILER_LAUNCHIMAGE_NAME = LaunchImage;
				CODE_SIGN_STYLE = Automatic;
				DEVELOPMENT_TEAM = 57X85VP9WN;
				GCC_PREFIX_HEADER = "$(SRCROOT)/BSBDJ/Others/BSBDJ.pch";
				INFOPLIST_FILE = "$(SRCROOT)/BSBDJ/Others/Info.plist";
				IPHONEOS_DEPLOYMENT_TARGET = 9.0;
				LD_RUNPATH_SEARCH_PATHS = (
					"$(inherited)",
					"@executable_path/Frameworks",
				);
				PRODUCT_BUNDLE_IDENTIFIER = com.tencent.BSBDJ;
				PRODUCT_NAME = "$(TARGET_NAME)";
				TARGETED_DEVICE_FAMILY = 1;
			};
			name = Release;
		};
/* End XCBuildConfiguration section */

/* Begin XCConfigurationList section */
		2CBAB2B920F5AFC1000AF192 /* Build configuration list for PBXProject "BSBDJ" */ = {
			isa = XCConfigurationList;
			buildConfigurations = (
				2CBAB2D220F5AFC3000AF192 /* Debug */,
				2CBAB2D320F5AFC3000AF192 /* Release */,
			);
			defaultConfigurationIsVisible = 0;
			defaultConfigurationName = Release;
		};
		2CBAB2D420F5AFC3000AF192 /* Build configuration list for PBXNativeTarget "BSBDJ" */ = {
			isa = XCConfigurationList;
			buildConfigurations = (
				2CBAB2D520F5AFC3000AF192 /* Debug */,
				2CBAB2D620F5AFC3000AF192 /* Release */,
			);
			defaultConfigurationIsVisible = 0;
			defaultConfigurationName = Release;
		};
/* End XCConfigurationList section */
	};
	rootObject = 2CBAB2B620F5AFC1000AF192 /* Project object */;
}
